
Microsoft Visual Studio Solution File, Format Version 10.00
# Visual Studio 2008
Project("{FAE04EC0-301F-11D3-BF4B-00C04F79EFBC}") = "Networking", "Networking\Networking.csproj", "{E73F55EA-3D2B-45E4-BC80-7528DC836462}"
EndProject
Global
	GlobalSection(SolutionConfigurationPlatforms) = preSolution
		Debug|x86 = Debug|x86
		Release|x86 = Release|x86
	EndGlobalSection
	GlobalSection(ProjectConfigurationPlatforms) = postSolution
		{E73F55EA-3D2B-45E4-BC80-7528DC836462}.Debug|x86.ActiveCfg = Debug|x86
		{E73F55EA-3D2B-45E4-BC80-7528DC836462}.Debug|x86.Build.0 = Debug|x86
		{E73F55EA-3D2B-45E4-BC80-7528DC836462}.Release|x86.ActiveCfg = Release|x86
		{E73F55EA-3D2B-45E4-BC80-7528DC836462}.Release|x86.Build.0 = Release|x86
	EndGlobalSection
	GlobalSection(MonoDevelopProperties) = preSolution
		StartupItem = Networking\Networking.csproj
	EndGlobalSection
EndGlobal
